// !$*UTF8*$!
{
	archiveVersion = 1;
	classes = {
	};
	objectVersion = 50;
	objects = {

/* Begin PBXBuildFile section */
		EC67ED122365DD9600C97C9D /* hw06.cpp in Sources */ = {isa = PBXBuildFile; fileRef = EC67ED112365DD9600C97C9D /* hw06.cpp */; };
		EC67ED1D2365E0ED00C97C9D /* Noble.cpp in Sources */ = {isa = PBXBuildFile; fileRef = EC67ED1C2365E0ED00C97C9D /* Noble.cpp */; };
		EC67ED1F2365E0FA00C97C9D /* Warrior.cpp in Sources */ = {isa = PBXBuildFile; fileRef = EC67ED1E2365E0FA00C97C9D /* Warrior.cpp */; };
/* End PBXBuildFile section */

/* Begin PBXCopyFilesBuildPhase section */
		EC67ED0C2365DD9600C97C9D /* CopyFiles */ = {
			isa = PBXCopyFilesBuildPhase;
			buildActionMask = 2147483647;
			dstPath = /usr/share/man/man1/;
			dstSubfolderSpec = 0;
			files = (
			);
			runOnlyForDeploymentPostprocessing = 1;
		};
/* End PBXCopyFilesBuildPhase section */

/* Begin PBXFileReference section */
		EC67ED0E2365DD9600C97C9D /* hw06 */ = {isa = PBXFileReference; explicitFileType = "compiled.mach-o.executable"; includeInIndex = 0; path = hw06; sourceTree = BUILT_PRODUCTS_DIR; };
		EC67ED112365DD9600C97C9D /* hw06.cpp */ = {isa = PBXFileReference; lastKnownFileType = sourcecode.cpp.cpp; path = hw06.cpp; sourceTree = "<group>"; };
		EC67ED1A2365E0CB00C97C9D /* Noble.h */ = {isa = PBXFileReference; lastKnownFileType = sourcecode.c.h; path = Noble.h; sourceTree = "<group>"; };
		EC67ED1B2365E0D900C97C9D /* Warrior.h */ = {isa = PBXFileReference; lastKnownFileType = sourcecode.c.h; path = Warrior.h; sourceTree = "<group>"; };
		EC67ED1C2365E0ED00C97C9D /* Noble.cpp */ = {isa = PBXFileReference; lastKnownFileType = sourcecode.cpp.cpp; path = Noble.cpp; sourceTree = "<group>"; };
		EC67ED1E2365E0FA00C97C9D /* Warrior.cpp */ = {isa = PBXFileReference; lastKnownFileType = sourcecode.cpp.cpp; path = Warrior.cpp; sourceTree = "<group>"; };
/* End PBXFileReference section */

/* Begin PBXFrameworksBuildPhase section */
		EC67ED0B2365DD9600C97C9D /* Frameworks */ = {
			isa = PBXFrameworksBuildPhase;
			buildActionMask = 2147483647;
			files = (
			);
			runOnlyForDeploymentPostprocessing = 0;
		};
/* End PBXFrameworksBuildPhase section */

/* Begin PBXGroup section */
		EC67ED052365DD9600C97C9D = {
			isa = PBXGroup;
			children = (
				EC67ED102365DD9600C97C9D /* hw06 */,
				EC67ED0F2365DD9600C97C9D /* Products */,
			);
			sourceTree = "<group>";
		};
		EC67ED0F2365DD9600C97C9D /* Products */ = {
			isa = PBXGroup;
			children = (
				EC67ED0E2365DD9600C97C9D /* hw06 */,
			);
			name = Products;
			sourceTree = "<group>";
		};
		EC67ED102365DD9600C97C9D /* hw06 */ = {
			isa = PBXGroup;
			children = (
				EC67ED1E2365E0FA00C97C9D /* Warrior.cpp */,
				EC67ED1B2365E0D900C97C9D /* Warrior.h */,
				EC67ED1C2365E0ED00C97C9D /* Noble.cpp */,
				EC67ED1A2365E0CB00C97C9D /* Noble.h */,
				EC67ED112365DD9600C97C9D /* hw06.cpp */,
			);
			path = hw06;
			sourceTree = "<group>";
		};
/* End PBXGroup section */

/* Begin PBXNativeTarget section */
		EC67ED0D2365DD9600C97C9D /* hw06 */ = {
			isa = PBXNativeTarget;
			buildConfigurationList = EC67ED152365DD9600C97C9D /* Build configuration list for PBXNativeTarget "hw06" */;
			buildPhases = (
				EC67ED0A2365DD9600C97C9D /* Sources */,
				EC67ED0B2365DD9600C97C9D /* Frameworks */,
				EC67ED0C2365DD9600C97C9D /* CopyFiles */,
			);
			buildRules = (
			);
			dependencies = (
			);
			name = hw06;
			productName = hw06;
			productReference = EC67ED0E2365DD9600C97C9D /* hw06 */;
			productType = "com.apple.product-type.tool";
		};
/* End PBXNativeTarget section */

/* Begin PBXProject section */
		EC67ED062365DD9600C97C9D /* Project object */ = {
			isa = PBXProject;
			attributes = {
				LastUpgradeCheck = 1100;
				ORGANIZATIONNAME = "Simran Kaur";
				TargetAttributes = {
					EC67ED0D2365DD9600C97C9D = {
						CreatedOnToolsVersion = 11.0;
					};
				};
			};
			buildConfigurationList = EC67ED092365DD9600C97C9D /* Build configuration list for PBXProject "hw06" */;
			compatibilityVersion = "Xcode 9.3";
			developmentRegion = en;
			hasScannedForEncodings = 0;
			knownRegions = (
				en,
				Base,
			);
			mainGroup = EC67ED052365DD9600C97C9D;
			productRefGroup = EC67ED0F2365DD9600C97C9D /* Products */;
			projectDirPath = "";
			projectRoot = "";
			targets = (
				EC67ED0D2365DD9600C97C9D /* hw06 */,
			);
		};
/* End PBXProject section */

/* Begin PBXSourcesBuildPhase section */
		EC67ED0A2365DD9600C97C9D /* Sources */ = {
			isa = PBXSourcesBuildPhase;
			buildActionMask = 2147483647;
			files = (
				EC67ED1D2365E0ED00C97C9D /* Noble.cpp in Sources */,
				EC67ED122365DD9600C97C9D /* hw06.cpp in Sources */,
				EC67ED1F2365E0FA00C97C9D /* Warrior.cpp in Sources */,
			);
			runOnlyForDeploymentPostprocessing = 0;
		};
/* End PBXSourcesBuildPhase section */

/* Begin XCBuildConfiguration section */
		EC67ED132365DD9600C97C9D /* Debug */ = {
			isa = XCBuildConfiguration;
			buildSettings = {
				ALWAYS_SEARCH_USER_PATHS = NO;
				CLANG_ANALYZER_NONNULL = YES;
				CLANG_ANALYZER_NUMBER_OBJECT_CONVERSION = YES_AGGRESSIVE;
				CLANG_CXX_LANGUAGE_STANDARD = "gnu++14";
				CLANG_CXX_LIBRARY = "libc++";
				CLANG_ENABLE_MODULES = YES;
				CLANG_ENABLE_OBJC_ARC = YES;
				CLANG_ENABLE_OBJC_WEAK = YES;
				CLANG_WARN_BLOCK_CAPTURE_AUTORELEASING = YES;
				CLANG_WARN_BOOL_CONVERSION = YES;
				CLANG_WARN_COMMA = YES;
				CLANG_WARN_CONSTANT_CONVERSION = YES;
				CLANG_WARN_DEPRECATED_OBJC_IMPLEMENTATIONS = YES;
				CLANG_WARN_DIRECT_OBJC_ISA_USAGE = YES_ERROR;
				CLANG_WARN_DOCUMENTATION_COMMENTS = YES;
				CLANG_WARN_EMPTY_BODY = YES;
				CLANG_WARN_ENUM_CONVERSION = YES;
				CLANG_WARN_INFINITE_RECURSION = YES;
				CLANG_WARN_INT_CONVERSION = YES;
				CLANG_WARN_NON_LITERAL_NULL_CONVERSION = YES;
				CLANG_WARN_OBJC_IMPLICIT_RETAIN_SELF = YES;
				CLANG_WARN_OBJC_LITERAL_CONVERSION = YES;
				CLANG_WARN_OBJC_ROOT_CLASS = YES_ERROR;
				CLANG_WARN_RANGE_LOOP_ANALYSIS = YES;
				CLANG_WARN_STRICT_PROTOTYPES = YES;
				CLANG_WARN_SUSPICIOUS_MOVE = YES;
				CLANG_WARN_UNGUARDED_AVAILABILITY = YES_AGGRESSIVE;
				CLANG_WARN_UNREACHABLE_CODE = YES;
				CLANG_WARN__DUPLICATE_METHOD_MATCH = YES;
				COPY_PHASE_STRIP = NO;
				DEBUG_INFORMATION_FORMAT = dwarf;
				ENABLE_STRICT_OBJC_MSGSEND = YES;
				ENABLE_TESTABILITY = YES;
				GCC_C_LANGUAGE_STANDARD = gnu11;
				GCC_DYNAMIC_NO_PIC = NO;
				GCC_NO_COMMON_BLOCKS = YES;
				GCC_OPTIMIZATION_LEVEL = 0;
				GCC_PREPROCESSOR_DEFINITIONS = (
					"DEBUG=1",
					"$(inherited)",
				);
				GCC_WARN_64_TO_32_BIT_CONVERSION = YES;
				GCC_WARN_ABOUT_RETURN_TYPE = YES_ERROR;
				GCC_WARN_UNDECLARED_SELECTOR = YES;
				GCC_WARN_UNINITIALIZED_AUTOS = YES_AGGRESSIVE;
				GCC_WARN_UNUSED_FUNCTION = YES;
				GCC_WARN_UNUSED_VARIABLE = YES;
				MACOSX_DEPLOYMENT_TARGET = 10.14;
				MTL_ENABLE_DEBUG_INFO = INCLUDE_SOURCE;
				MTL_FAST_MATH = YES;
				ONLY_ACTIVE_ARCH = YES;
				SDKROOT = macosx;
			};
			name = Debug;
		};
		EC67ED142365DD9600C97C9D /* Release */ = {
			isa = XCBuildConfiguration;
			buildSettings = {
				ALWAYS_SEARCH_USER_PATHS = NO;
				CLANG_ANALYZER_NONNULL = YES;
				CLANG_ANALYZER_NUMBER_OBJECT_CONVERSION = YES_AGGRESSIVE;
				CLANG_CXX_LANGUAGE_STANDARD = "gnu++14";
				CLANG_CXX_LIBRARY = "libc++";
				CLANG_ENABLE_MODULES = YES;
				CLANG_ENABLE_OBJC_ARC = YES;
				CLANG_ENABLE_OBJC_WEAK = YES;
				CLANG_WARN_BLOCK_CAPTURE_AUTORELEASING = YES;
				CLANG_WARN_BOOL_CONVERSION = YES;
				CLANG_WARN_COMMA = YES;
				CLANG_WARN_CONSTANT_CONVERSION = YES;
				CLANG_WARN_DEPRECATED_OBJC_IMPLEMENTATIONS = YES;
				CLANG_WARN_DIRECT_OBJC_ISA_USAGE = YES_ERROR;
				CLANG_WARN_DOCUMENTATION_COMMENTS = YES;
				CLANG_WARN_EMPTY_BODY = YES;
				CLANG_WARN_ENUM_CONVERSION = YES;
				CLANG_WARN_INFINITE_RECURSION = YES;
				CLANG_WARN_INT_CONVERSION = YES;
				CLANG_WARN_NON_LITERAL_NULL_CONVERSION = YES;
				CLANG_WARN_OBJC_IMPLICIT_RETAIN_SELF = YES;
				CLANG_WARN_OBJC_LITERAL_CONVERSION = YES;
				CLANG_WARN_OBJC_ROOT_CLASS = YES_ERROR;
				CLANG_WARN_RANGE_LOOP_ANALYSIS = YES;
				CLANG_WARN_STRICT_PROTOTYPES = YES;
				CLANG_WARN_SUSPICIOUS_MOVE = YES;
				CLANG_WARN_UNGUARDED_AVAILABILITY = YES_AGGRESSIVE;
				CLANG_WARN_UNREACHABLE_CODE = YES;
				CLANG_WARN__DUPLICATE_METHOD_MATCH = YES;
				COPY_PHASE_STRIP = NO;
				DEBUG_INFORMATION_FORMAT = "dwarf-with-dsym";
				ENABLE_NS_ASSERTIONS = NO;
				ENABLE_STRICT_OBJC_MSGSEND = YES;
				GCC_C_LANGUAGE_STANDARD = gnu11;
				GCC_NO_COMMON_BLOCKS = YES;
				GCC_WARN_64_TO_32_BIT_CONVERSION = YES;
				GCC_WARN_ABOUT_RETURN_TYPE = YES_ERROR;
				GCC_WARN_UNDECLARED_SELECTOR = YES;
				GCC_WARN_UNINITIALIZED_AUTOS = YES_AGGRESSIVE;
				GCC_WARN_UNUSED_FUNCTION = YES;
				GCC_WARN_UNUSED_VARIABLE = YES;
				MACOSX_DEPLOYMENT_TARGET = 10.14;
				MTL_ENABLE_DEBUG_INFO = NO;
				MTL_FAST_MATH = YES;
				SDKROOT = macosx;
			};
			name = Release;
		};
		EC67ED162365DD9600C97C9D /* Debug */ = {
			isa = XCBuildConfiguration;
			buildSettings = {
				CODE_SIGN_STYLE = Automatic;
				PRODUCT_NAME = "$(TARGET_NAME)";
			};
			name = Debug;
		};
		EC67ED172365DD9600C97C9D /* Release */ = {
			isa = XCBuildConfiguration;
			buildSettings = {
				CODE_SIGN_STYLE = Automatic;
				PRODUCT_NAME = "$(TARGET_NAME)";
			};
			name = Release;
		};
/* End XCBuildConfiguration section */

/* Begin XCConfigurationList section */
		EC67ED092365DD9600C97C9D /* Build configuration list for PBXProject "hw06" */ = {
			isa = XCConfigurationList;
			buildConfigurations = (
				EC67ED132365DD9600C97C9D /* Debug */,
				EC67ED142365DD9600C97C9D /* Release */,
			);
			defaultConfigurationIsVisible = 0;
			defaultConfigurationName = Release;
		};
		EC67ED152365DD9600C97C9D /* Build configuration list for PBXNativeTarget "hw06" */ = {
			isa = XCConfigurationList;
			buildConfigurations = (
				EC67ED162365DD9600C97C9D /* Debug */,
				EC67ED172365DD9600C97C9D /* Release */,
			);
			defaultConfigurationIsVisible = 0;
			defaultConfigurationName = Release;
		};
/* End XCConfigurationList section */
	};
	rootObject = EC67ED062365DD9600C97C9D /* Project object */;
}
